// !$*UTF8*$!
{
	archiveVersion = 1;
	classes = {
	};
	objectVersion = 50;
	objects = {

/* Begin PBXBuildFile section */
		A116C02724645D990041FDE4 /* AppDelegate.swift in Sources */ = {isa = PBXBuildFile; fileRef = A116C02624645D990041FDE4 /* AppDelegate.swift */; };
		A116C02924645D990041FDE4 /* SceneDelegate.swift in Sources */ = {isa = PBXBuildFile; fileRef = A116C02824645D990041FDE4 /* SceneDelegate.swift */; };
		A116C02B24645D990041FDE4 /* ViewController.swift in Sources */ = {isa = PBXBuildFile; fileRef = A116C02A24645D990041FDE4 /* ViewController.swift */; };
		A116C02E24645D990041FDE4 /* Main.storyboard in Resources */ = {isa = PBXBuildFile; fileRef = A116C02C24645D990041FDE4 /* Main.storyboard */; };
		A116C03024645D9B0041FDE4 /* Assets.xcassets in Resources */ = {isa = PBXBuildFile; fileRef = A116C02F24645D9B0041FDE4 /* Assets.xcassets */; };
		A116C03324645D9B0041FDE4 /* LaunchScreen.storyboard in Resources */ = {isa = PBXBuildFile; fileRef = A116C03124645D9B0041FDE4 /* LaunchScreen.storyboard */; };
		A116C03E24645D9B0041FDE4 /* DietCamera_secondTests.swift in Sources */ = {isa = PBXBuildFile; fileRef = A116C03D24645D9B0041FDE4 /* DietCamera_secondTests.swift */; };
		A116C04924645D9B0041FDE4 /* DietCamera_secondUITests.swift in Sources */ = {isa = PBXBuildFile; fileRef = A116C04824645D9B0041FDE4 /* DietCamera_secondUITests.swift */; };
/* End PBXBuildFile section */

/* Begin PBXContainerItemProxy section */
		A116C03A24645D9B0041FDE4 /* PBXContainerItemProxy */ = {
			isa = PBXContainerItemProxy;
			containerPortal = A116C01B24645D990041FDE4 /* Project object */;
			proxyType = 1;
			remoteGlobalIDString = A116C02224645D990041FDE4;
			remoteInfo = DietCamera_second;
		};
		A116C04524645D9B0041FDE4 /* PBXContainerItemProxy */ = {
			isa = PBXContainerItemProxy;
			containerPortal = A116C01B24645D990041FDE4 /* Project object */;
			proxyType = 1;
			remoteGlobalIDString = A116C02224645D990041FDE4;
			remoteInfo = DietCamera_second;
		};
/* End PBXContainerItemProxy section */

/* Begin PBXFileReference section */
		A116C02324645D990041FDE4 /* DietCamera_second.app */ = {isa = PBXFileReference; explicitFileType = wrapper.application; includeInIndex = 0; path = DietCamera_second.app; sourceTree = BUILT_PRODUCTS_DIR; };
		A116C02624645D990041FDE4 /* AppDelegate.swift */ = {isa = PBXFileReference; lastKnownFileType = sourcecode.swift; path = AppDelegate.swift; sourceTree = "<group>"; };
		A116C02824645D990041FDE4 /* SceneDelegate.swift */ = {isa = PBXFileReference; lastKnownFileType = sourcecode.swift; path = SceneDelegate.swift; sourceTree = "<group>"; };
		A116C02A24645D990041FDE4 /* ViewController.swift */ = {isa = PBXFileReference; lastKnownFileType = sourcecode.swift; path = ViewController.swift; sourceTree = "<group>"; };
		A116C02D24645D990041FDE4 /* Base */ = {isa = PBXFileReference; lastKnownFileType = file.storyboard; name = Base; path = Base.lproj/Main.storyboard; sourceTree = "<group>"; };
		A116C02F24645D9B0041FDE4 /* Assets.xcassets */ = {isa = PBXFileReference; lastKnownFileType = folder.assetcatalog; path = Assets.xcassets; sourceTree = "<group>"; };
		A116C03224645D9B0041FDE4 /* Base */ = {isa = PBXFileReference; lastKnownFileType = file.storyboard; name = Base; path = Base.lproj/LaunchScreen.storyboard; sourceTree = "<group>"; };
		A116C03424645D9B0041FDE4 /* Info.plist */ = {isa = PBXFileReference; lastKnownFileType = text.plist.xml; path = Info.plist; sourceTree = "<group>"; };
		A116C03924645D9B0041FDE4 /* DietCamera_secondTests.xctest */ = {isa = PBXFileReference; explicitFileType = wrapper.cfbundle; includeInIndex = 0; path = DietCamera_secondTests.xctest; sourceTree = BUILT_PRODUCTS_DIR; };
		A116C03D24645D9B0041FDE4 /* DietCamera_secondTests.swift */ = {isa = PBXFileReference; lastKnownFileType = sourcecode.swift; path = DietCamera_secondTests.swift; sourceTree = "<group>"; };
		A116C03F24645D9B0041FDE4 /* Info.plist */ = {isa = PBXFileReference; lastKnownFileType = text.plist.xml; path = Info.plist; sourceTree = "<group>"; };
		A116C04424645D9B0041FDE4 /* DietCamera_secondUITests.xctest */ = {isa = PBXFileReference; explicitFileType = wrapper.cfbundle; includeInIndex = 0; path = DietCamera_secondUITests.xctest; sourceTree = BUILT_PRODUCTS_DIR; };
		A116C04824645D9B0041FDE4 /* DietCamera_secondUITests.swift */ = {isa = PBXFileReference; lastKnownFileType = sourcecode.swift; path = DietCamera_secondUITests.swift; sourceTree = "<group>"; };
		A116C04A24645D9B0041FDE4 /* Info.plist */ = {isa = PBXFileReference; lastKnownFileType = text.plist.xml; path = Info.plist; sourceTree = "<group>"; };
/* End PBXFileReference section */

/* Begin PBXFrameworksBuildPhase section */
		A116C02024645D990041FDE4 /* Frameworks */ = {
			isa = PBXFrameworksBuildPhase;
			buildActionMask = 2147483647;
			files = (
			);
			runOnlyForDeploymentPostprocessing = 0;
		};
		A116C03624645D9B0041FDE4 /* Frameworks */ = {
			isa = PBXFrameworksBuildPhase;
			buildActionMask = 2147483647;
			files = (
			);
			runOnlyForDeploymentPostprocessing = 0;
		};
		A116C04124645D9B0041FDE4 /* Frameworks */ = {
			isa = PBXFrameworksBuildPhase;
			buildActionMask = 2147483647;
			files = (
			);
			runOnlyForDeploymentPostprocessing = 0;
		};
/* End PBXFrameworksBuildPhase section */

/* Begin PBXGroup section */
		A116C01A24645D990041FDE4 = {
			isa = PBXGroup;
			children = (
				A116C02524645D990041FDE4 /* DietCamera_second */,
				A116C03C24645D9B0041FDE4 /* DietCamera_secondTests */,
				A116C04724645D9B0041FDE4 /* DietCamera_secondUITests */,
				A116C02424645D990041FDE4 /* Products */,
			);
			sourceTree = "<group>";
		};
		A116C02424645D990041FDE4 /* Products */ = {
			isa = PBXGroup;
			children = (
				A116C02324645D990041FDE4 /* DietCamera_second.app */,
				A116C03924645D9B0041FDE4 /* DietCamera_secondTests.xctest */,
				A116C04424645D9B0041FDE4 /* DietCamera_secondUITests.xctest */,
			);
			name = Products;
			sourceTree = "<group>";
		};
		A116C02524645D990041FDE4 /* DietCamera_second */ = {
			isa = PBXGroup;
			children = (
				A116C02624645D990041FDE4 /* AppDelegate.swift */,
				A116C02824645D990041FDE4 /* SceneDelegate.swift */,
				A116C02A24645D990041FDE4 /* ViewController.swift */,
				A116C02C24645D990041FDE4 /* Main.storyboard */,
				A116C02F24645D9B0041FDE4 /* Assets.xcassets */,
				A116C03124645D9B0041FDE4 /* LaunchScreen.storyboard */,
				A116C03424645D9B0041FDE4 /* Info.plist */,
			);
			path = DietCamera_second;
			sourceTree = "<group>";
		};
		A116C03C24645D9B0041FDE4 /* DietCamera_secondTests */ = {
			isa = PBXGroup;
			children = (
				A116C03D24645D9B0041FDE4 /* DietCamera_secondTests.swift */,
				A116C03F24645D9B0041FDE4 /* Info.plist */,
			);
			path = DietCamera_secondTests;
			sourceTree = "<group>";
		};
		A116C04724645D9B0041FDE4 /* DietCamera_secondUITests */ = {
			isa = PBXGroup;
			children = (
				A116C04824645D9B0041FDE4 /* DietCamera_secondUITests.swift */,
				A116C04A24645D9B0041FDE4 /* Info.plist */,
			);
			path = DietCamera_secondUITests;
			sourceTree = "<group>";
		};
/* End PBXGroup section */

/* Begin PBXNativeTarget section */
		A116C02224645D990041FDE4 /* DietCamera_second */ = {
			isa = PBXNativeTarget;
			buildConfigurationList = A116C04D24645D9B0041FDE4 /* Build configuration list for PBXNativeTarget "DietCamera_second" */;
			buildPhases = (
				A116C01F24645D990041FDE4 /* Sources */,
				A116C02024645D990041FDE4 /* Frameworks */,
				A116C02124645D990041FDE4 /* Resources */,
			);
			buildRules = (
			);
			dependencies = (
			);
			name = DietCamera_second;
			productName = DietCamera_second;
			productReference = A116C02324645D990041FDE4 /* DietCamera_second.app */;
			productType = "com.apple.product-type.application";
		};
		A116C03824645D9B0041FDE4 /* DietCamera_secondTests */ = {
			isa = PBXNativeTarget;
			buildConfigurationList = A116C05024645D9B0041FDE4 /* Build configuration list for PBXNativeTarget "DietCamera_secondTests" */;
			buildPhases = (
				A116C03524645D9B0041FDE4 /* Sources */,
				A116C03624645D9B0041FDE4 /* Frameworks */,
				A116C03724645D9B0041FDE4 /* Resources */,
			);
			buildRules = (
			);
			dependencies = (
				A116C03B24645D9B0041FDE4 /* PBXTargetDependency */,
			);
			name = DietCamera_secondTests;
			productName = DietCamera_secondTests;
			productReference = A116C03924645D9B0041FDE4 /* DietCamera_secondTests.xctest */;
			productType = "com.apple.product-type.bundle.unit-test";
		};
		A116C04324645D9B0041FDE4 /* DietCamera_secondUITests */ = {
			isa = PBXNativeTarget;
			buildConfigurationList = A116C05324645D9B0041FDE4 /* Build configuration list for PBXNativeTarget "DietCamera_secondUITests" */;
			buildPhases = (
				A116C04024645D9B0041FDE4 /* Sources */,
				A116C04124645D9B0041FDE4 /* Frameworks */,
				A116C04224645D9B0041FDE4 /* Resources */,
			);
			buildRules = (
			);
			dependencies = (
				A116C04624645D9B0041FDE4 /* PBXTargetDependency */,
			);
			name = DietCamera_secondUITests;
			productName = DietCamera_secondUITests;
			productReference = A116C04424645D9B0041FDE4 /* DietCamera_secondUITests.xctest */;
			productType = "com.apple.product-type.bundle.ui-testing";
		};
/* End PBXNativeTarget section */

/* Begin PBXProject section */
		A116C01B24645D990041FDE4 /* Project object */ = {
			isa = PBXProject;
			attributes = {
				LastSwiftUpdateCheck = 1140;
				LastUpgradeCheck = 1140;
				ORGANIZATIONNAME = "Emily Nozaki";
				TargetAttributes = {
					A116C02224645D990041FDE4 = {
						CreatedOnToolsVersion = 11.4;
					};
					A116C03824645D9B0041FDE4 = {
						CreatedOnToolsVersion = 11.4;
						TestTargetID = A116C02224645D990041FDE4;
					};
					A116C04324645D9B0041FDE4 = {
						CreatedOnToolsVersion = 11.4;
						TestTargetID = A116C02224645D990041FDE4;
					};
				};
			};
			buildConfigurationList = A116C01E24645D990041FDE4 /* Build configuration list for PBXProject "DietCamera_second" */;
			compatibilityVersion = "Xcode 9.3";
			developmentRegion = en;
			hasScannedForEncodings = 0;
			knownRegions = (
				en,
				Base,
			);
			mainGroup = A116C01A24645D990041FDE4;
			productRefGroup = A116C02424645D990041FDE4 /* Products */;
			projectDirPath = "";
			projectRoot = "";
			targets = (
				A116C02224645D990041FDE4 /* DietCamera_second */,
				A116C03824645D9B0041FDE4 /* DietCamera_secondTests */,
				A116C04324645D9B0041FDE4 /* DietCamera_secondUITests */,
			);
		};
/* End PBXProject section */

/* Begin PBXResourcesBuildPhase section */
		A116C02124645D990041FDE4 /* Resources */ = {
			isa = PBXResourcesBuildPhase;
			buildActionMask = 2147483647;
			files = (
				A116C03324645D9B0041FDE4 /* LaunchScreen.storyboard in Resources */,
				A116C03024645D9B0041FDE4 /* Assets.xcassets in Resources */,
				A116C02E24645D990041FDE4 /* Main.storyboard in Resources */,
			);
			runOnlyForDeploymentPostprocessing = 0;
		};
		A116C03724645D9B0041FDE4 /* Resources */ = {
			isa = PBXResourcesBuildPhase;
			buildActionMask = 2147483647;
			files = (
			);
			runOnlyForDeploymentPostprocessing = 0;
		};
		A116C04224645D9B0041FDE4 /* Resources */ = {
			isa = PBXResourcesBuildPhase;
			buildActionMask = 2147483647;
			files = (
			);
			runOnlyForDeploymentPostprocessing = 0;
		};
/* End PBXResourcesBuildPhase section */

/* Begin PBXSourcesBuildPhase section */
		A116C01F24645D990041FDE4 /* Sources */ = {
			isa = PBXSourcesBuildPhase;
			buildActionMask = 2147483647;
			files = (
				A116C02B24645D990041FDE4 /* ViewController.swift in Sources */,
				A116C02724645D990041FDE4 /* AppDelegate.swift in Sources */,
				A116C02924645D990041FDE4 /* SceneDelegate.swift in Sources */,
			);
			runOnlyForDeploymentPostprocessing = 0;
		};
		A116C03524645D9B0041FDE4 /* Sources */ = {
			isa = PBXSourcesBuildPhase;
			buildActionMask = 2147483647;
			files = (
				A116C03E24645D9B0041FDE4 /* DietCamera_secondTests.swift in Sources */,
			);
			runOnlyForDeploymentPostprocessing = 0;
		};
		A116C04024645D9B0041FDE4 /* Sources */ = {
			isa = PBXSourcesBuildPhase;
			buildActionMask = 2147483647;
			files = (
				A116C04924645D9B0041FDE4 /* DietCamera_secondUITests.swift in Sources */,
			);
			runOnlyForDeploymentPostprocessing = 0;
		};
/* End PBXSourcesBuildPhase section */

/* Begin PBXTargetDependency section */
		A116C03B24645D9B0041FDE4 /* PBXTargetDependency */ = {
			isa = PBXTargetDependency;
			target = A116C02224645D990041FDE4 /* DietCamera_second */;
			targetProxy = A116C03A24645D9B0041FDE4 /* PBXContainerItemProxy */;
		};
		A116C04624645D9B0041FDE4 /* PBXTargetDependency */ = {
			isa = PBXTargetDependency;
			target = A116C02224645D990041FDE4 /* DietCamera_second */;
			targetProxy = A116C04524645D9B0041FDE4 /* PBXContainerItemProxy */;
		};
/* End PBXTargetDependency section */

/* Begin PBXVariantGroup section */
		A116C02C24645D990041FDE4 /* Main.storyboard */ = {
			isa = PBXVariantGroup;
			children = (
				A116C02D24645D990041FDE4 /* Base */,
			);
			name = Main.storyboard;
			sourceTree = "<group>";
		};
		A116C03124645D9B0041FDE4 /* LaunchScreen.storyboard */ = {
			isa = PBXVariantGroup;
			children = (
				A116C03224645D9B0041FDE4 /* Base */,
			);
			name = LaunchScreen.storyboard;
			sourceTree = "<group>";
		};
/* End PBXVariantGroup section */

/* Begin XCBuildConfiguration section */
		A116C04B24645D9B0041FDE4 /* Debug */ = {
			isa = XCBuildConfiguration;
			buildSettings = {
				ALWAYS_SEARCH_USER_PATHS = NO;
				CLANG_ANALYZER_NONNULL = YES;
				CLANG_ANALYZER_NUMBER_OBJECT_CONVERSION = YES_AGGRESSIVE;
				CLANG_CXX_LANGUAGE_STANDARD = "gnu++14";
				CLANG_CXX_LIBRARY = "libc++";
				CLANG_ENABLE_MODULES = YES;
				CLANG_ENABLE_OBJC_ARC = YES;
				CLANG_ENABLE_OBJC_WEAK = YES;
				CLANG_WARN_BLOCK_CAPTURE_AUTORELEASING = YES;
				CLANG_WARN_BOOL_CONVERSION = YES;
				CLANG_WARN_COMMA = YES;
				CLANG_WARN_CONSTANT_CONVERSION = YES;
				CLANG_WARN_DEPRECATED_OBJC_IMPLEMENTATIONS = YES;
				CLANG_WARN_DIRECT_OBJC_ISA_USAGE = YES_ERROR;
				CLANG_WARN_DOCUMENTATION_COMMENTS = YES;
				CLANG_WARN_EMPTY_BODY = YES;
				CLANG_WARN_ENUM_CONVERSION = YES;
				CLANG_WARN_INFINITE_RECURSION = YES;
				CLANG_WARN_INT_CONVERSION = YES;
				CLANG_WARN_NON_LITERAL_NULL_CONVERSION = YES;
				CLANG_WARN_OBJC_IMPLICIT_RETAIN_SELF = YES;
				CLANG_WARN_OBJC_LITERAL_CONVERSION = YES;
				CLANG_WARN_OBJC_ROOT_CLASS = YES_ERROR;
				CLANG_WARN_RANGE_LOOP_ANALYSIS = YES;
				CLANG_WARN_STRICT_PROTOTYPES = YES;
				CLANG_WARN_SUSPICIOUS_MOVE = YES;
				CLANG_WARN_UNGUARDED_AVAILABILITY = YES_AGGRESSIVE;
				CLANG_WARN_UNREACHABLE_CODE = YES;
				CLANG_WARN__DUPLICATE_METHOD_MATCH = YES;
				COPY_PHASE_STRIP = NO;
				DEBUG_INFORMATION_FORMAT = dwarf;
				ENABLE_STRICT_OBJC_MSGSEND = YES;
				ENABLE_TESTABILITY = YES;
				GCC_C_LANGUAGE_STANDARD = gnu11;
				GCC_DYNAMIC_NO_PIC = NO;
				GCC_NO_COMMON_BLOCKS = YES;
				GCC_OPTIMIZATION_LEVEL = 0;
				GCC_PREPROCESSOR_DEFINITIONS = (
					"DEBUG=1",
					"$(inherited)",
				);
				GCC_WARN_64_TO_32_BIT_CONVERSION = YES;
				GCC_WARN_ABOUT_RETURN_TYPE = YES_ERROR;
				GCC_WARN_UNDECLARED_SELECTOR = YES;
				GCC_WARN_UNINITIALIZED_AUTOS = YES_AGGRESSIVE;
				GCC_WARN_UNUSED_FUNCTION = YES;
				GCC_WARN_UNUSED_VARIABLE = YES;
				IPHONEOS_DEPLOYMENT_TARGET = 13.4;
				MTL_ENABLE_DEBUG_INFO = INCLUDE_SOURCE;
				MTL_FAST_MATH = YES;
				ONLY_ACTIVE_ARCH = YES;
				SDKROOT = iphoneos;
				SWIFT_ACTIVE_COMPILATION_CONDITIONS = DEBUG;
				SWIFT_OPTIMIZATION_LEVEL = "-Onone";
			};
			name = Debug;
		};
		A116C04C24645D9B0041FDE4 /* Release */ = {
			isa = XCBuildConfiguration;
			buildSettings = {
				ALWAYS_SEARCH_USER_PATHS = NO;
				CLANG_ANALYZER_NONNULL = YES;
				CLANG_ANALYZER_NUMBER_OBJECT_CONVERSION = YES_AGGRESSIVE;
				CLANG_CXX_LANGUAGE_STANDARD = "gnu++14";
				CLANG_CXX_LIBRARY = "libc++";
				CLANG_ENABLE_MODULES = YES;
				CLANG_ENABLE_OBJC_ARC = YES;
				CLANG_ENABLE_OBJC_WEAK = YES;
				CLANG_WARN_BLOCK_CAPTURE_AUTORELEASING = YES;
				CLANG_WARN_BOOL_CONVERSION = YES;
				CLANG_WARN_COMMA = YES;
				CLANG_WARN_CONSTANT_CONVERSION = YES;
				CLANG_WARN_DEPRECATED_OBJC_IMPLEMENTATIONS = YES;
				CLANG_WARN_DIRECT_OBJC_ISA_USAGE = YES_ERROR;
				CLANG_WARN_DOCUMENTATION_COMMENTS = YES;
				CLANG_WARN_EMPTY_BODY = YES;
				CLANG_WARN_ENUM_CONVERSION = YES;
				CLANG_WARN_INFINITE_RECURSION = YES;
				CLANG_WARN_INT_CONVERSION = YES;
				CLANG_WARN_NON_LITERAL_NULL_CONVERSION = YES;
				CLANG_WARN_OBJC_IMPLICIT_RETAIN_SELF = YES;
				CLANG_WARN_OBJC_LITERAL_CONVERSION = YES;
				CLANG_WARN_OBJC_ROOT_CLASS = YES_ERROR;
				CLANG_WARN_RANGE_LOOP_ANALYSIS = YES;
				CLANG_WARN_STRICT_PROTOTYPES = YES;
				CLANG_WARN_SUSPICIOUS_MOVE = YES;
				CLANG_WARN_UNGUARDED_AVAILABILITY = YES_AGGRESSIVE;
				CLANG_WARN_UNREACHABLE_CODE = YES;
				CLANG_WARN__DUPLICATE_METHOD_MATCH = YES;
				COPY_PHASE_STRIP = NO;
				DEBUG_INFORMATION_FORMAT = "dwarf-with-dsym";
				ENABLE_NS_ASSERTIONS = NO;
				ENABLE_STRICT_OBJC_MSGSEND = YES;
				GCC_C_LANGUAGE_STANDARD = gnu11;
				GCC_NO_COMMON_BLOCKS = YES;
				GCC_WARN_64_TO_32_BIT_CONVERSION = YES;
				GCC_WARN_ABOUT_RETURN_TYPE = YES_ERROR;
				GCC_WARN_UNDECLARED_SELECTOR = YES;
				GCC_WARN_UNINITIALIZED_AUTOS = YES_AGGRESSIVE;
				GCC_WARN_UNUSED_FUNCTION = YES;
				GCC_WARN_UNUSED_VARIABLE = YES;
				IPHONEOS_DEPLOYMENT_TARGET = 13.4;
				MTL_ENABLE_DEBUG_INFO = NO;
				MTL_FAST_MATH = YES;
				SDKROOT = iphoneos;
				SWIFT_COMPILATION_MODE = wholemodule;
				SWIFT_OPTIMIZATION_LEVEL = "-O";
				VALIDATE_PRODUCT = YES;
			};
			name = Release;
		};
		A116C04E24645D9B0041FDE4 /* Debug */ = {
			isa = XCBuildConfiguration;
			buildSettings = {
				ASSETCATALOG_COMPILER_APPICON_NAME = AppIcon;
				CODE_SIGN_STYLE = Automatic;
				DEVELOPMENT_TEAM = 743J7J89D4;
				INFOPLIST_FILE = DietCamera_second/Info.plist;
				LD_RUNPATH_SEARCH_PATHS = (
					"$(inherited)",
					"@executable_path/Frameworks",
				);
				PRODUCT_BUNDLE_IDENTIFIER = "emily.DietCamera-second";
				PRODUCT_NAME = "$(TARGET_NAME)";
				SWIFT_VERSION = 5.0;
				TARGETED_DEVICE_FAMILY = "1,2";
			};
			name = Debug;
		};
		A116C04F24645D9B0041FDE4 /* Release */ = {
			isa = XCBuildConfiguration;
			buildSettings = {
				ASSETCATALOG_COMPILER_APPICON_NAME = AppIcon;
				CODE_SIGN_STYLE = Automatic;
				DEVELOPMENT_TEAM = 743J7J89D4;
				INFOPLIST_FILE = DietCamera_second/Info.plist;
				LD_RUNPATH_SEARCH_PATHS = (
					"$(inherited)",
					"@executable_path/Frameworks",
				);
				PRODUCT_BUNDLE_IDENTIFIER = "emily.DietCamera-second";
				PRODUCT_NAME = "$(TARGET_NAME)";
				SWIFT_VERSION = 5.0;
				TARGETED_DEVICE_FAMILY = "1,2";
			};
			name = Release;
		};
		A116C05124645D9B0041FDE4 /* Debug */ = {
			isa = XCBuildConfiguration;
			buildSettings = {
				ALWAYS_EMBED_SWIFT_STANDARD_LIBRARIES = YES;
				BUNDLE_LOADER = "$(TEST_HOST)";
				CODE_SIGN_STYLE = Automatic;
				DEVELOPMENT_TEAM = 743J7J89D4;
				INFOPLIST_FILE = DietCamera_secondTests/Info.plist;
				IPHONEOS_DEPLOYMENT_TARGET = 13.4;
				LD_RUNPATH_SEARCH_PATHS = (
					"$(inherited)",
					"@executable_path/Frameworks",
					"@loader_path/Frameworks",
				);
				PRODUCT_BUNDLE_IDENTIFIER = "emily.DietCamera-secondTests";
				PRODUCT_NAME = "$(TARGET_NAME)";
				SWIFT_VERSION = 5.0;
				TARGETED_DEVICE_FAMILY = "1,2";
				TEST_HOST = "$(BUILT_PRODUCTS_DIR)/DietCamera_second.app/DietCamera_second";
			};
			name = Debug;
		};
		A116C05224645D9B0041FDE4 /* Release */ = {
			isa = XCBuildConfiguration;
			buildSettings = {
				ALWAYS_EMBED_SWIFT_STANDARD_LIBRARIES = YES;
				BUNDLE_LOADER = "$(TEST_HOST)";
				CODE_SIGN_STYLE = Automatic;
				DEVELOPMENT_TEAM = 743J7J89D4;
				INFOPLIST_FILE = DietCamera_secondTests/Info.plist;
				IPHONEOS_DEPLOYMENT_TARGET = 13.4;
				LD_RUNPATH_SEARCH_PATHS = (
					"$(inherited)",
					"@executable_path/Frameworks",
					"@loader_path/Frameworks",
				);
				PRODUCT_BUNDLE_IDENTIFIER = "emily.DietCamera-secondTests";
				PRODUCT_NAME = "$(TARGET_NAME)";
				SWIFT_VERSION = 5.0;
				TARGETED_DEVICE_FAMILY = "1,2";
				TEST_HOST = "$(BUILT_PRODUCTS_DIR)/DietCamera_second.app/DietCamera_second";
			};
			name = Release;
		};
		A116C05424645D9B0041FDE4 /* Debug */ = {
			isa = XCBuildConfiguration;
			buildSettings = {
				ALWAYS_EMBED_SWIFT_STANDARD_LIBRARIES = YES;
				CODE_SIGN_STYLE = Automatic;
				DEVELOPMENT_TEAM = 743J7J89D4;
				INFOPLIST_FILE = DietCamera_secondUITests/Info.plist;
				LD_RUNPATH_SEARCH_PATHS = (
					"$(inherited)",
					"@executable_path/Frameworks",
					"@loader_path/Frameworks",
				);
				PRODUCT_BUNDLE_IDENTIFIER = "emily.DietCamera-secondUITests";
				PRODUCT_NAME = "$(TARGET_NAME)";
				SWIFT_VERSION = 5.0;
				TARGETED_DEVICE_FAMILY = "1,2";
				TEST_TARGET_NAME = DietCamera_second;
			};
			name = Debug;
		};
		A116C05524645D9B0041FDE4 /* Release */ = {
			isa = XCBuildConfiguration;
			buildSettings = {
				ALWAYS_EMBED_SWIFT_STANDARD_LIBRARIES = YES;
				CODE_SIGN_STYLE = Automatic;
				DEVELOPMENT_TEAM = 743J7J89D4;
				INFOPLIST_FILE = DietCamera_secondUITests/Info.plist;
				LD_RUNPATH_SEARCH_PATHS = (
					"$(inherited)",
					"@executable_path/Frameworks",
					"@loader_path/Frameworks",
				);
				PRODUCT_BUNDLE_IDENTIFIER = "emily.DietCamera-secondUITests";
				PRODUCT_NAME = "$(TARGET_NAME)";
				SWIFT_VERSION = 5.0;
				TARGETED_DEVICE_FAMILY = "1,2";
				TEST_TARGET_NAME = DietCamera_second;
			};
			name = Release;
		};
/* End XCBuildConfiguration section */

/* Begin XCConfigurationList section */
		A116C01E24645D990041FDE4 /* Build configuration list for PBXProject "DietCamera_second" */ = {
			isa = XCConfigurationList;
			buildConfigurations = (
				A116C04B24645D9B0041FDE4 /* Debug */,
				A116C04C24645D9B0041FDE4 /* Release */,
			);
			defaultConfigurationIsVisible = 0;
			defaultConfigurationName = Release;
		};
		A116C04D24645D9B0041FDE4 /* Build configuration list for PBXNativeTarget "DietCamera_second" */ = {
			isa = XCConfigurationList;
			buildConfigurations = (
				A116C04E24645D9B0041FDE4 /* Debug */,
				A116C04F24645D9B0041FDE4 /* Release */,
			);
			defaultConfigurationIsVisible = 0;
			defaultConfigurationName = Release;
		};
		A116C05024645D9B0041FDE4 /* Build configuration list for PBXNativeTarget "DietCamera_secondTests" */ = {
			isa = XCConfigurationList;
			buildConfigurations = (
				A116C05124645D9B0041FDE4 /* Debug */,
				A116C05224645D9B0041FDE4 /* Release */,
			);
			defaultConfigurationIsVisible = 0;
			defaultConfigurationName = Release;
		};
		A116C05324645D9B0041FDE4 /* Build configuration list for PBXNativeTarget "DietCamera_secondUITests" */ = {
			isa = XCConfigurationList;
			buildConfigurations = (
				A116C05424645D9B0041FDE4 /* Debug */,
				A116C05524645D9B0041FDE4 /* Release */,
			);
			defaultConfigurationIsVisible = 0;
			defaultConfigurationName = Release;
		};
/* End XCConfigurationList section */
	};
	rootObject = A116C01B24645D990041FDE4 /* Project object */;
}
